// !$*UTF8*$!
{
	archiveVersion = 1;
	classes = {
	};
	objectVersion = 77;
	objects = {

/* Begin PBXContainerItemProxy section */
		2721A42A2E96CECE009F731A /* PBXContainerItemProxy */ = {
			isa = PBXContainerItemProxy;
			containerPortal = 2721A4142E96CECC009F731A /* Project object */;
			proxyType = 1;
			remoteGlobalIDString = 2721A41B2E96CECC009F731A;
			remoteInfo = ITHelpDay24;
		};
		2721A4342E96CECE009F731A /* PBXContainerItemProxy */ = {
			isa = PBXContainerItemProxy;
			containerPortal = 2721A4142E96CECC009F731A /* Project object */;
			proxyType = 1;
			remoteGlobalIDString = 2721A41B2E96CECC009F731A;
			remoteInfo = ITHelpDay24;
		};
/* End PBXContainerItemProxy section */

/* Begin PBXFileReference section */
		2721A41C2E96CECC009F731A /* ITHelpDay24.app */ = {isa = PBXFileReference; explicitFileType = wrapper.application; includeInIndex = 0; path = ITHelpDay24.app; sourceTree = BUILT_PRODUCTS_DIR; };
		2721A4292E96CECE009F731A /* ITHelpDay24Tests.xctest */ = {isa = PBXFileReference; explicitFileType = wrapper.cfbundle; includeInIndex = 0; path = ITHelpDay24Tests.xctest; sourceTree = BUILT_PRODUCTS_DIR; };
		2721A4332E96CECE009F731A /* ITHelpDay24UITests.xctest */ = {isa = PBXFileReference; explicitFileType = wrapper.cfbundle; includeInIndex = 0; path = ITHelpDay24UITests.xctest; sourceTree = BUILT_PRODUCTS_DIR; };
/* End PBXFileReference section */

/* Begin PBXFileSystemSynchronizedRootGroup section */
		2721A41E2E96CECC009F731A /* ITHelpDay24 */ = {
			isa = PBXFileSystemSynchronizedRootGroup;
			path = ITHelpDay24;
			sourceTree = "<group>";
		};
		2721A42C2E96CECE009F731A /* ITHelpDay24Tests */ = {
			isa = PBXFileSystemSynchronizedRootGroup;
			path = ITHelpDay24Tests;
			sourceTree = "<group>";
		};
		2721A4362E96CECE009F731A /* ITHelpDay24UITests */ = {
			isa = PBXFileSystemSynchronizedRootGroup;
			path = ITHelpDay24UITests;
			sourceTree = "<group>";
		};
/* End PBXFileSystemSynchronizedRootGroup section */

/* Begin PBXFrameworksBuildPhase section */
		2721A4192E96CECC009F731A /* Frameworks */ = {
			isa = PBXFrameworksBuildPhase;
			buildActionMask = 2147483647;
			files = (
			);
			runOnlyForDeploymentPostprocessing = 0;
		};
		2721A4262E96CECE009F731A /* Frameworks */ = {
			isa = PBXFrameworksBuildPhase;
			buildActionMask = 2147483647;
			files = (
			);
			runOnlyForDeploymentPostprocessing = 0;
		};
		2721A4302E96CECE009F731A /* Frameworks */ = {
			isa = PBXFrameworksBuildPhase;
			buildActionMask = 2147483647;
			files = (
			);
			runOnlyForDeploymentPostprocessing = 0;
		};
/* End PBXFrameworksBuildPhase section */

/* Begin PBXGroup section */
		2721A4132E96CECC009F731A = {
			isa = PBXGroup;
			children = (
				2721A41E2E96CECC009F731A /* ITHelpDay24 */,
				2721A42C2E96CECE009F731A /* ITHelpDay24Tests */,
				2721A4362E96CECE009F731A /* ITHelpDay24UITests */,
				2721A41D2E96CECC009F731A /* Products */,
			);
			sourceTree = "<group>";
		};
		2721A41D2E96CECC009F731A /* Products */ = {
			isa = PBXGroup;
			children = (
				2721A41C2E96CECC009F731A /* ITHelpDay24.app */,
				2721A4292E96CECE009F731A /* ITHelpDay24Tests.xctest */,
				2721A4332E96CECE009F731A /* ITHelpDay24UITests.xctest */,
			);
			name = Products;
			sourceTree = "<group>";
		};
/* End PBXGroup section */

/* Begin PBXNativeTarget section */
		2721A41B2E96CECC009F731A /* ITHelpDay24 */ = {
			isa = PBXNativeTarget;
			buildConfigurationList = 2721A43D2E96CECE009F731A /* Build configuration list for PBXNativeTarget "ITHelpDay24" */;
			buildPhases = (
				2721A4182E96CECC009F731A /* Sources */,
				2721A4192E96CECC009F731A /* Frameworks */,
				2721A41A2E96CECC009F731A /* Resources */,
			);
			buildRules = (
			);
			dependencies = (
			);
			fileSystemSynchronizedGroups = (
				2721A41E2E96CECC009F731A /* ITHelpDay24 */,
			);
			name = ITHelpDay24;
			packageProductDependencies = (
			);
			productName = ITHelpDay24;
			productReference = 2721A41C2E96CECC009F731A /* ITHelpDay24.app */;
			productType = "com.apple.product-type.application";
		};
		2721A4282E96CECE009F731A /* ITHelpDay24Tests */ = {
			isa = PBXNativeTarget;
			buildConfigurationList = 2721A4402E96CECE009F731A /* Build configuration list for PBXNativeTarget "ITHelpDay24Tests" */;
			buildPhases = (
				2721A4252E96CECE009F731A /* Sources */,
				2721A4262E96CECE009F731A /* Frameworks */,
				2721A4272E96CECE009F731A /* Resources */,
			);
			buildRules = (
			);
			dependencies = (
				2721A42B2E96CECE009F731A /* PBXTargetDependency */,
			);
			fileSystemSynchronizedGroups = (
				2721A42C2E96CECE009F731A /* ITHelpDay24Tests */,
			);
			name = ITHelpDay24Tests;
			packageProductDependencies = (
			);
			productName = ITHelpDay24Tests;
			productReference = 2721A4292E96CECE009F731A /* ITHelpDay24Tests.xctest */;
			productType = "com.apple.product-type.bundle.unit-test";
		};
		2721A4322E96CECE009F731A /* ITHelpDay24UITests */ = {
			isa = PBXNativeTarget;
			buildConfigurationList = 2721A4432E96CECE009F731A /* Build configuration list for PBXNativeTarget "ITHelpDay24UITests" */;
			buildPhases = (
				2721A42F2E96CECE009F731A /* Sources */,
				2721A4302E96CECE009F731A /* Frameworks */,
				2721A4312E96CECE009F731A /* Resources */,
			);
			buildRules = (
			);
			dependencies = (
				2721A4352E96CECE009F731A /* PBXTargetDependency */,
			);
			fileSystemSynchronizedGroups = (
				2721A4362E96CECE009F731A /* ITHelpDay24UITests */,
			);
			name = ITHelpDay24UITests;
			packageProductDependencies = (
			);
			productName = ITHelpDay24UITests;
			productReference = 2721A4332E96CECE009F731A /* ITHelpDay24UITests.xctest */;
			productType = "com.apple.product-type.bundle.ui-testing";
		};
/* End PBXNativeTarget section */

/* Begin PBXProject section */
		2721A4142E96CECC009F731A /* Project object */ = {
			isa = PBXProject;
			attributes = {
				BuildIndependentTargetsInParallel = 1;
				LastSwiftUpdateCheck = 1630;
				LastUpgradeCheck = 1630;
				TargetAttributes = {
					2721A41B2E96CECC009F731A = {
						CreatedOnToolsVersion = 16.3;
					};
					2721A4282E96CECE009F731A = {
						CreatedOnToolsVersion = 16.3;
						TestTargetID = 2721A41B2E96CECC009F731A;
					};
					2721A4322E96CECE009F731A = {
						CreatedOnToolsVersion = 16.3;
						TestTargetID = 2721A41B2E96CECC009F731A;
					};
				};
			};
			buildConfigurationList = 2721A4172E96CECC009F731A /* Build configuration list for PBXProject "ITHelpDay24" */;
			developmentRegion = en;
			hasScannedForEncodings = 0;
			knownRegions = (
				en,
				Base,
			);
			mainGroup = 2721A4132E96CECC009F731A;
			minimizedProjectReferenceProxies = 1;
			preferredProjectObjectVersion = 77;
			productRefGroup = 2721A41D2E96CECC009F731A /* Products */;
			projectDirPath = "";
			projectRoot = "";
			targets = (
				2721A41B2E96CECC009F731A /* ITHelpDay24 */,
				2721A4282E96CECE009F731A /* ITHelpDay24Tests */,
				2721A4322E96CECE009F731A /* ITHelpDay24UITests */,
			);
		};
/* End PBXProject section */

/* Begin PBXResourcesBuildPhase section */
		2721A41A2E96CECC009F731A /* Resources */ = {
			isa = PBXResourcesBuildPhase;
			buildActionMask = 2147483647;
			files = (
			);
			runOnlyForDeploymentPostprocessing = 0;
		};
		2721A4272E96CECE009F731A /* Resources */ = {
			isa = PBXResourcesBuildPhase;
			buildActionMask = 2147483647;
			files = (
			);
			runOnlyForDeploymentPostprocessing = 0;
		};
		2721A4312E96CECE009F731A /* Resources */ = {
			isa = PBXResourcesBuildPhase;
			buildActionMask = 2147483647;
			files = (
			);
			runOnlyForDeploymentPostprocessing = 0;
		};
/* End PBXResourcesBuildPhase section */

/* Begin PBXSourcesBuildPhase section */
		2721A4182E96CECC009F731A /* Sources */ = {
			isa = PBXSourcesBuildPhase;
			buildActionMask = 2147483647;
			files = (
			);
			runOnlyForDeploymentPostprocessing = 0;
		};
		2721A4252E96CECE009F731A /* Sources */ = {
			isa = PBXSourcesBuildPhase;
			buildActionMask = 2147483647;
			files = (
			);
			runOnlyForDeploymentPostprocessing = 0;
		};
		2721A42F2E96CECE009F731A /* Sources */ = {
			isa = PBXSourcesBuildPhase;
			buildActionMask = 2147483647;
			files = (
			);
			runOnlyForDeploymentPostprocessing = 0;
		};
/* End PBXSourcesBuildPhase section */

/* Begin PBXTargetDependency section */
		2721A42B2E96CECE009F731A /* PBXTargetDependency */ = {
			isa = PBXTargetDependency;
			target = 2721A41B2E96CECC009F731A /* ITHelpDay24 */;
			targetProxy = 2721A42A2E96CECE009F731A /* PBXContainerItemProxy */;
		};
		2721A4352E96CECE009F731A /* PBXTargetDependency */ = {
			isa = PBXTargetDependency;
			target = 2721A41B2E96CECC009F731A /* ITHelpDay24 */;
			targetProxy = 2721A4342E96CECE009F731A /* PBXContainerItemProxy */;
		};
/* End PBXTargetDependency section */

/* Begin XCBuildConfiguration section */
		2721A43B2E96CECE009F731A /* Debug */ = {
			isa = XCBuildConfiguration;
			buildSettings = {
				ALWAYS_SEARCH_USER_PATHS = NO;
				ASSETCATALOG_COMPILER_GENERATE_SWIFT_ASSET_SYMBOL_EXTENSIONS = YES;
				CLANG_ANALYZER_NONNULL = YES;
				CLANG_ANALYZER_NUMBER_OBJECT_CONVERSION = YES_AGGRESSIVE;
				CLANG_CXX_LANGUAGE_STANDARD = "gnu++20";
				CLANG_ENABLE_MODULES = YES;
				CLANG_ENABLE_OBJC_ARC = YES;
				CLANG_ENABLE_OBJC_WEAK = YES;
				CLANG_WARN_BLOCK_CAPTURE_AUTORELEASING = YES;
				CLANG_WARN_BOOL_CONVERSION = YES;
				CLANG_WARN_COMMA = YES;
				CLANG_WARN_CONSTANT_CONVERSION = YES;
				CLANG_WARN_DEPRECATED_OBJC_IMPLEMENTATIONS = YES;
				CLANG_WARN_DIRECT_OBJC_ISA_USAGE = YES_ERROR;
				CLANG_WARN_DOCUMENTATION_COMMENTS = YES;
				CLANG_WARN_EMPTY_BODY = YES;
				CLANG_WARN_ENUM_CONVERSION = YES;
				CLANG_WARN_INFINITE_RECURSION = YES;
				CLANG_WARN_INT_CONVERSION = YES;
				CLANG_WARN_NON_LITERAL_NULL_CONVERSION = YES;
				CLANG_WARN_OBJC_IMPLICIT_RETAIN_SELF = YES;
				CLANG_WARN_OBJC_LITERAL_CONVERSION = YES;
				CLANG_WARN_OBJC_ROOT_CLASS = YES_ERROR;
				CLANG_WARN_QUOTED_INCLUDE_IN_FRAMEWORK_HEADER = YES;
				CLANG_WARN_RANGE_LOOP_ANALYSIS = YES;
				CLANG_WARN_STRICT_PROTOTYPES = YES;
				CLANG_WARN_SUSPICIOUS_MOVE = YES;
				CLANG_WARN_UNGUARDED_AVAILABILITY = YES_AGGRESSIVE;
				CLANG_WARN_UNREACHABLE_CODE = YES;
				CLANG_WARN__DUPLICATE_METHOD_MATCH = YES;
				COPY_PHASE_STRIP = NO;
				DEBUG_INFORMATION_FORMAT = dwarf;
				ENABLE_STRICT_OBJC_MSGSEND = YES;
				ENABLE_TESTABILITY = YES;
				ENABLE_USER_SCRIPT_SANDBOXING = YES;
				GCC_C_LANGUAGE_STANDARD = gnu17;
				GCC_DYNAMIC_NO_PIC = NO;
				GCC_NO_COMMON_BLOCKS = YES;
				GCC_OPTIMIZATION_LEVEL = 0;
				GCC_PREPROCESSOR_DEFINITIONS = (
					"DEBUG=1",
					"$(inherited)",
				);
				GCC_WARN_64_TO_32_BIT_CONVERSION = YES;
				GCC_WARN_ABOUT_RETURN_TYPE = YES_ERROR;
				GCC_WARN_UNDECLARED_SELECTOR = YES;
				GCC_WARN_UNINITIALIZED_AUTOS = YES_AGGRESSIVE;
				GCC_WARN_UNUSED_FUNCTION = YES;
				GCC_WARN_UNUSED_VARIABLE = YES;
				IPHONEOS_DEPLOYMENT_TARGET = 18.4;
				LOCALIZATION_PREFERS_STRING_CATALOGS = YES;
				MTL_ENABLE_DEBUG_INFO = INCLUDE_SOURCE;
				MTL_FAST_MATH = YES;
				ONLY_ACTIVE_ARCH = YES;
				SDKROOT = iphoneos;
				SWIFT_ACTIVE_COMPILATION_CONDITIONS = "DEBUG $(inherited)";
				SWIFT_OPTIMIZATION_LEVEL = "-Onone";
			};
			name = Debug;
		};
		2721A43C2E96CECE009F731A /* Release */ = {
			isa = XCBuildConfiguration;
			buildSettings = {
				ALWAYS_SEARCH_USER_PATHS = NO;
				ASSETCATALOG_COMPILER_GENERATE_SWIFT_ASSET_SYMBOL_EXTENSIONS = YES;
				CLANG_ANALYZER_NONNULL = YES;
				CLANG_ANALYZER_NUMBER_OBJECT_CONVERSION = YES_AGGRESSIVE;
				CLANG_CXX_LANGUAGE_STANDARD = "gnu++20";
				CLANG_ENABLE_MODULES = YES;
				CLANG_ENABLE_OBJC_ARC = YES;
				CLANG_ENABLE_OBJC_WEAK = YES;
				CLANG_WARN_BLOCK_CAPTURE_AUTORELEASING = YES;
				CLANG_WARN_BOOL_CONVERSION = YES;
				CLANG_WARN_COMMA = YES;
				CLANG_WARN_CONSTANT_CONVERSION = YES;
				CLANG_WARN_DEPRECATED_OBJC_IMPLEMENTATIONS = YES;
				CLANG_WARN_DIRECT_OBJC_ISA_USAGE = YES_ERROR;
				CLANG_WARN_DOCUMENTATION_COMMENTS = YES;
				CLANG_WARN_EMPTY_BODY = YES;
				CLANG_WARN_ENUM_CONVERSION = YES;
				CLANG_WARN_INFINITE_RECURSION = YES;
				CLANG_WARN_INT_CONVERSION = YES;
				CLANG_WARN_NON_LITERAL_NULL_CONVERSION = YES;
				CLANG_WARN_OBJC_IMPLICIT_RETAIN_SELF = YES;
				CLANG_WARN_OBJC_LITERAL_CONVERSION = YES;
				CLANG_WARN_OBJC_ROOT_CLASS = YES_ERROR;
				CLANG_WARN_QUOTED_INCLUDE_IN_FRAMEWORK_HEADER = YES;
				CLANG_WARN_RANGE_LOOP_ANALYSIS = YES;
				CLANG_WARN_STRICT_PROTOTYPES = YES;
				CLANG_WARN_SUSPICIOUS_MOVE = YES;
				CLANG_WARN_UNGUARDED_AVAILABILITY = YES_AGGRESSIVE;
				CLANG_WARN_UNREACHABLE_CODE = YES;
				CLANG_WARN__DUPLICATE_METHOD_MATCH = YES;
				COPY_PHASE_STRIP = NO;
				DEBUG_INFORMATION_FORMAT = "dwarf-with-dsym";
				ENABLE_NS_ASSERTIONS = NO;
				ENABLE_STRICT_OBJC_MSGSEND = YES;
				ENABLE_USER_SCRIPT_SANDBOXING = YES;
				GCC_C_LANGUAGE_STANDARD = gnu17;
				GCC_NO_COMMON_BLOCKS = YES;
				GCC_WARN_64_TO_32_BIT_CONVERSION = YES;
				GCC_WARN_ABOUT_RETURN_TYPE = YES_ERROR;
				GCC_WARN_UNDECLARED_SELECTOR = YES;
				GCC_WARN_UNINITIALIZED_AUTOS = YES_AGGRESSIVE;
				GCC_WARN_UNUSED_FUNCTION = YES;
				GCC_WARN_UNUSED_VARIABLE = YES;
				IPHONEOS_DEPLOYMENT_TARGET = 18.4;
				LOCALIZATION_PREFERS_STRING_CATALOGS = YES;
				MTL_ENABLE_DEBUG_INFO = NO;
				MTL_FAST_MATH = YES;
				SDKROOT = iphoneos;
				SWIFT_COMPILATION_MODE = wholemodule;
				VALIDATE_PRODUCT = YES;
			};
			name = Release;
		};
		2721A43E2E96CECE009F731A /* Debug */ = {
			isa = XCBuildConfiguration;
			buildSettings = {
				ASSETCATALOG_COMPILER_APPICON_NAME = AppIcon;
				ASSETCATALOG_COMPILER_GLOBAL_ACCENT_COLOR_NAME = AccentColor;
				CODE_SIGN_STYLE = Automatic;
				CURRENT_PROJECT_VERSION = 1;
				ENABLE_PREVIEWS = YES;
				GENERATE_INFOPLIST_FILE = YES;
				INFOPLIST_KEY_UIApplicationSceneManifest_Generation = YES;
				INFOPLIST_KEY_UIApplicationSupportsIndirectInputEvents = YES;
				INFOPLIST_KEY_UILaunchScreen_Generation = YES;
				INFOPLIST_KEY_UISupportedInterfaceOrientations_iPad = "UIInterfaceOrientationPortrait UIInterfaceOrientationPortraitUpsideDown UIInterfaceOrientationLandscapeLeft UIInterfaceOrientationLandscapeRight";
				INFOPLIST_KEY_UISupportedInterfaceOrientations_iPhone = "UIInterfaceOrientationPortrait UIInterfaceOrientationLandscapeLeft UIInterfaceOrientationLandscapeRight";
				LD_RUNPATH_SEARCH_PATHS = (
					"$(inherited)",
					"@executable_path/Frameworks",
				);
				MARKETING_VERSION = 1.0;
				PRODUCT_BUNDLE_IDENTIFIER = jerryhong.ITHelpDay24;
				PRODUCT_NAME = "$(TARGET_NAME)";
				SWIFT_EMIT_LOC_STRINGS = YES;
				SWIFT_VERSION = 5.0;
				TARGETED_DEVICE_FAMILY = "1,2";
			};
			name = Debug;
		};
		2721A43F2E96CECE009F731A /* Release */ = {
			isa = XCBuildConfiguration;
			buildSettings = {
				ASSETCATALOG_COMPILER_APPICON_NAME = AppIcon;
				ASSETCATALOG_COMPILER_GLOBAL_ACCENT_COLOR_NAME = AccentColor;
				CODE_SIGN_STYLE = Automatic;
				CURRENT_PROJECT_VERSION = 1;
				ENABLE_PREVIEWS = YES;
				GENERATE_INFOPLIST_FILE = YES;
				INFOPLIST_KEY_UIApplicationSceneManifest_Generation = YES;
				INFOPLIST_KEY_UIApplicationSupportsIndirectInputEvents = YES;
				INFOPLIST_KEY_UILaunchScreen_Generation = YES;
				INFOPLIST_KEY_UISupportedInterfaceOrientations_iPad = "UIInterfaceOrientationPortrait UIInterfaceOrientationPortraitUpsideDown UIInterfaceOrientationLandscapeLeft UIInterfaceOrientationLandscapeRight";
				INFOPLIST_KEY_UISupportedInterfaceOrientations_iPhone = "UIInterfaceOrientationPortrait UIInterfaceOrientationLandscapeLeft UIInterfaceOrientationLandscapeRight";
				LD_RUNPATH_SEARCH_PATHS = (
					"$(inherited)",
					"@executable_path/Frameworks",
				);
				MARKETING_VERSION = 1.0;
				PRODUCT_BUNDLE_IDENTIFIER = jerryhong.ITHelpDay24;
				PRODUCT_NAME = "$(TARGET_NAME)";
				SWIFT_EMIT_LOC_STRINGS = YES;
				SWIFT_VERSION = 5.0;
				TARGETED_DEVICE_FAMILY = "1,2";
			};
			name = Release;
		};
		2721A4412E96CECE009F731A /* Debug */ = {
			isa = XCBuildConfiguration;
			buildSettings = {
				BUNDLE_LOADER = "$(TEST_HOST)";
				CODE_SIGN_STYLE = Automatic;
				CURRENT_PROJECT_VERSION = 1;
				GENERATE_INFOPLIST_FILE = YES;
				IPHONEOS_DEPLOYMENT_TARGET = 18.4;
				MARKETING_VERSION = 1.0;
				PRODUCT_BUNDLE_IDENTIFIER = jerryhong.ITHelpDay24Tests;
				PRODUCT_NAME = "$(TARGET_NAME)";
				SWIFT_EMIT_LOC_STRINGS = NO;
				SWIFT_VERSION = 5.0;
				TARGETED_DEVICE_FAMILY = "1,2";
				TEST_HOST = "$(BUILT_PRODUCTS_DIR)/ITHelpDay24.app/$(BUNDLE_EXECUTABLE_FOLDER_PATH)/ITHelpDay24";
			};
			name = Debug;
		};
		2721A4422E96CECE009F731A /* Release */ = {
			isa = XCBuildConfiguration;
			buildSettings = {
				BUNDLE_LOADER = "$(TEST_HOST)";
				CODE_SIGN_STYLE = Automatic;
				CURRENT_PROJECT_VERSION = 1;
				GENERATE_INFOPLIST_FILE = YES;
				IPHONEOS_DEPLOYMENT_TARGET = 18.4;
				MARKETING_VERSION = 1.0;
				PRODUCT_BUNDLE_IDENTIFIER = jerryhong.ITHelpDay24Tests;
				PRODUCT_NAME = "$(TARGET_NAME)";
				SWIFT_EMIT_LOC_STRINGS = NO;
				SWIFT_VERSION = 5.0;
				TARGETED_DEVICE_FAMILY = "1,2";
				TEST_HOST = "$(BUILT_PRODUCTS_DIR)/ITHelpDay24.app/$(BUNDLE_EXECUTABLE_FOLDER_PATH)/ITHelpDay24";
			};
			name = Release;
		};
		2721A4442E96CECE009F731A /* Debug */ = {
			isa = XCBuildConfiguration;
			buildSettings = {
				CODE_SIGN_STYLE = Automatic;
				CURRENT_PROJECT_VERSION = 1;
				GENERATE_INFOPLIST_FILE = YES;
				MARKETING_VERSION = 1.0;
				PRODUCT_BUNDLE_IDENTIFIER = jerryhong.ITHelpDay24UITests;
				PRODUCT_NAME = "$(TARGET_NAME)";
				SWIFT_EMIT_LOC_STRINGS = NO;
				SWIFT_VERSION = 5.0;
				TARGETED_DEVICE_FAMILY = "1,2";
				TEST_TARGET_NAME = ITHelpDay24;
			};
			name = Debug;
		};
		2721A4452E96CECE009F731A /* Release */ = {
			isa = XCBuildConfiguration;
			buildSettings = {
				CODE_SIGN_STYLE = Automatic;
				CURRENT_PROJECT_VERSION = 1;
				GENERATE_INFOPLIST_FILE = YES;
				MARKETING_VERSION = 1.0;
				PRODUCT_BUNDLE_IDENTIFIER = jerryhong.ITHelpDay24UITests;
				PRODUCT_NAME = "$(TARGET_NAME)";
				SWIFT_EMIT_LOC_STRINGS = NO;
				SWIFT_VERSION = 5.0;
				TARGETED_DEVICE_FAMILY = "1,2";
				TEST_TARGET_NAME = ITHelpDay24;
			};
			name = Release;
		};
/* End XCBuildConfiguration section */

/* Begin XCConfigurationList section */
		2721A4172E96CECC009F731A /* Build configuration list for PBXProject "ITHelpDay24" */ = {
			isa = XCConfigurationList;
			buildConfigurations = (
				2721A43B2E96CECE009F731A /* Debug */,
				2721A43C2E96CECE009F731A /* Release */,
			);
			defaultConfigurationIsVisible = 0;
			defaultConfigurationName = Release;
		};
		2721A43D2E96CECE009F731A /* Build configuration list for PBXNativeTarget "ITHelpDay24" */ = {
			isa = XCConfigurationList;
			buildConfigurations = (
				2721A43E2E96CECE009F731A /* Debug */,
				2721A43F2E96CECE009F731A /* Release */,
			);
			defaultConfigurationIsVisible = 0;
			defaultConfigurationName = Release;
		};
		2721A4402E96CECE009F731A /* Build configuration list for PBXNativeTarget "ITHelpDay24Tests" */ = {
			isa = XCConfigurationList;
			buildConfigurations = (
				2721A4412E96CECE009F731A /* Debug */,
				2721A4422E96CECE009F731A /* Release */,
			);
			defaultConfigurationIsVisible = 0;
			defaultConfigurationName = Release;
		};
		2721A4432E96CECE009F731A /* Build configuration list for PBXNativeTarget "ITHelpDay24UITests" */ = {
			isa = XCConfigurationList;
			buildConfigurations = (
				2721A4442E96CECE009F731A /* Debug */,
				2721A4452E96CECE009F731A /* Release */,
			);
			defaultConfigurationIsVisible = 0;
			defaultConfigurationName = Release;
		};
/* End XCConfigurationList section */
	};
	rootObject = 2721A4142E96CECC009F731A /* Project object */;
}
