// !$*UTF8*$!
{
	archiveVersion = 1;
	classes = {
	};
	objectVersion = 77;
	objects = {

/* Begin PBXContainerItemProxy section */
		2721A45D2E98BD19009F731A /* PBXContainerItemProxy */ = {
			isa = PBXContainerItemProxy;
			containerPortal = 2721A4472E98BD16009F731A /* Project object */;
			proxyType = 1;
			remoteGlobalIDString = 2721A44E2E98BD17009F731A;
			remoteInfo = ITHelpSideProject;
		};
		2721A4672E98BD19009F731A /* PBXContainerItemProxy */ = {
			isa = PBXContainerItemProxy;
			containerPortal = 2721A4472E98BD16009F731A /* Project object */;
			proxyType = 1;
			remoteGlobalIDString = 2721A44E2E98BD17009F731A;
			remoteInfo = ITHelpSideProject;
		};
/* End PBXContainerItemProxy section */

/* Begin PBXFileReference section */
		2721A44F2E98BD17009F731A /* ITHelpSideProject.app */ = {isa = PBXFileReference; explicitFileType = wrapper.application; includeInIndex = 0; path = ITHelpSideProject.app; sourceTree = BUILT_PRODUCTS_DIR; };
		2721A45C2E98BD19009F731A /* ITHelpSideProjectTests.xctest */ = {isa = PBXFileReference; explicitFileType = wrapper.cfbundle; includeInIndex = 0; path = ITHelpSideProjectTests.xctest; sourceTree = BUILT_PRODUCTS_DIR; };
		2721A4662E98BD19009F731A /* ITHelpSideProjectUITests.xctest */ = {isa = PBXFileReference; explicitFileType = wrapper.cfbundle; includeInIndex = 0; path = ITHelpSideProjectUITests.xctest; sourceTree = BUILT_PRODUCTS_DIR; };
/* End PBXFileReference section */

/* Begin PBXFileSystemSynchronizedRootGroup section */
		2721A4512E98BD17009F731A /* ITHelpSideProject */ = {
			isa = PBXFileSystemSynchronizedRootGroup;
			path = ITHelpSideProject;
			sourceTree = "<group>";
		};
		2721A45F2E98BD19009F731A /* ITHelpSideProjectTests */ = {
			isa = PBXFileSystemSynchronizedRootGroup;
			path = ITHelpSideProjectTests;
			sourceTree = "<group>";
		};
		2721A4692E98BD19009F731A /* ITHelpSideProjectUITests */ = {
			isa = PBXFileSystemSynchronizedRootGroup;
			path = ITHelpSideProjectUITests;
			sourceTree = "<group>";
		};
/* End PBXFileSystemSynchronizedRootGroup section */

/* Begin PBXFrameworksBuildPhase section */
		2721A44C2E98BD17009F731A /* Frameworks */ = {
			isa = PBXFrameworksBuildPhase;
			buildActionMask = 2147483647;
			files = (
			);
			runOnlyForDeploymentPostprocessing = 0;
		};
		2721A4592E98BD19009F731A /* Frameworks */ = {
			isa = PBXFrameworksBuildPhase;
			buildActionMask = 2147483647;
			files = (
			);
			runOnlyForDeploymentPostprocessing = 0;
		};
		2721A4632E98BD19009F731A /* Frameworks */ = {
			isa = PBXFrameworksBuildPhase;
			buildActionMask = 2147483647;
			files = (
			);
			runOnlyForDeploymentPostprocessing = 0;
		};
/* End PBXFrameworksBuildPhase section */

/* Begin PBXGroup section */
		2721A4462E98BD16009F731A = {
			isa = PBXGroup;
			children = (
				2721A4512E98BD17009F731A /* ITHelpSideProject */,
				2721A45F2E98BD19009F731A /* ITHelpSideProjectTests */,
				2721A4692E98BD19009F731A /* ITHelpSideProjectUITests */,
				2721A4502E98BD17009F731A /* Products */,
			);
			sourceTree = "<group>";
		};
		2721A4502E98BD17009F731A /* Products */ = {
			isa = PBXGroup;
			children = (
				2721A44F2E98BD17009F731A /* ITHelpSideProject.app */,
				2721A45C2E98BD19009F731A /* ITHelpSideProjectTests.xctest */,
				2721A4662E98BD19009F731A /* ITHelpSideProjectUITests.xctest */,
			);
			name = Products;
			sourceTree = "<group>";
		};
/* End PBXGroup section */

/* Begin PBXNativeTarget section */
		2721A44E2E98BD17009F731A /* ITHelpSideProject */ = {
			isa = PBXNativeTarget;
			buildConfigurationList = 2721A4702E98BD19009F731A /* Build configuration list for PBXNativeTarget "ITHelpSideProject" */;
			buildPhases = (
				2721A44B2E98BD17009F731A /* Sources */,
				2721A44C2E98BD17009F731A /* Frameworks */,
				2721A44D2E98BD17009F731A /* Resources */,
			);
			buildRules = (
			);
			dependencies = (
			);
			fileSystemSynchronizedGroups = (
				2721A4512E98BD17009F731A /* ITHelpSideProject */,
			);
			name = ITHelpSideProject;
			packageProductDependencies = (
			);
			productName = ITHelpSideProject;
			productReference = 2721A44F2E98BD17009F731A /* ITHelpSideProject.app */;
			productType = "com.apple.product-type.application";
		};
		2721A45B2E98BD19009F731A /* ITHelpSideProjectTests */ = {
			isa = PBXNativeTarget;
			buildConfigurationList = 2721A4732E98BD19009F731A /* Build configuration list for PBXNativeTarget "ITHelpSideProjectTests" */;
			buildPhases = (
				2721A4582E98BD19009F731A /* Sources */,
				2721A4592E98BD19009F731A /* Frameworks */,
				2721A45A2E98BD19009F731A /* Resources */,
			);
			buildRules = (
			);
			dependencies = (
				2721A45E2E98BD19009F731A /* PBXTargetDependency */,
			);
			fileSystemSynchronizedGroups = (
				2721A45F2E98BD19009F731A /* ITHelpSideProjectTests */,
			);
			name = ITHelpSideProjectTests;
			packageProductDependencies = (
			);
			productName = ITHelpSideProjectTests;
			productReference = 2721A45C2E98BD19009F731A /* ITHelpSideProjectTests.xctest */;
			productType = "com.apple.product-type.bundle.unit-test";
		};
		2721A4652E98BD19009F731A /* ITHelpSideProjectUITests */ = {
			isa = PBXNativeTarget;
			buildConfigurationList = 2721A4762E98BD19009F731A /* Build configuration list for PBXNativeTarget "ITHelpSideProjectUITests" */;
			buildPhases = (
				2721A4622E98BD19009F731A /* Sources */,
				2721A4632E98BD19009F731A /* Frameworks */,
				2721A4642E98BD19009F731A /* Resources */,
			);
			buildRules = (
			);
			dependencies = (
				2721A4682E98BD19009F731A /* PBXTargetDependency */,
			);
			fileSystemSynchronizedGroups = (
				2721A4692E98BD19009F731A /* ITHelpSideProjectUITests */,
			);
			name = ITHelpSideProjectUITests;
			packageProductDependencies = (
			);
			productName = ITHelpSideProjectUITests;
			productReference = 2721A4662E98BD19009F731A /* ITHelpSideProjectUITests.xctest */;
			productType = "com.apple.product-type.bundle.ui-testing";
		};
/* End PBXNativeTarget section */

/* Begin PBXProject section */
		2721A4472E98BD16009F731A /* Project object */ = {
			isa = PBXProject;
			attributes = {
				BuildIndependentTargetsInParallel = 1;
				LastSwiftUpdateCheck = 1630;
				LastUpgradeCheck = 1630;
				TargetAttributes = {
					2721A44E2E98BD17009F731A = {
						CreatedOnToolsVersion = 16.3;
					};
					2721A45B2E98BD19009F731A = {
						CreatedOnToolsVersion = 16.3;
						TestTargetID = 2721A44E2E98BD17009F731A;
					};
					2721A4652E98BD19009F731A = {
						CreatedOnToolsVersion = 16.3;
						TestTargetID = 2721A44E2E98BD17009F731A;
					};
				};
			};
			buildConfigurationList = 2721A44A2E98BD16009F731A /* Build configuration list for PBXProject "ITHelpSideProject" */;
			developmentRegion = en;
			hasScannedForEncodings = 0;
			knownRegions = (
				en,
				Base,
			);
			mainGroup = 2721A4462E98BD16009F731A;
			minimizedProjectReferenceProxies = 1;
			preferredProjectObjectVersion = 77;
			productRefGroup = 2721A4502E98BD17009F731A /* Products */;
			projectDirPath = "";
			projectRoot = "";
			targets = (
				2721A44E2E98BD17009F731A /* ITHelpSideProject */,
				2721A45B2E98BD19009F731A /* ITHelpSideProjectTests */,
				2721A4652E98BD19009F731A /* ITHelpSideProjectUITests */,
			);
		};
/* End PBXProject section */

/* Begin PBXResourcesBuildPhase section */
		2721A44D2E98BD17009F731A /* Resources */ = {
			isa = PBXResourcesBuildPhase;
			buildActionMask = 2147483647;
			files = (
			);
			runOnlyForDeploymentPostprocessing = 0;
		};
		2721A45A2E98BD19009F731A /* Resources */ = {
			isa = PBXResourcesBuildPhase;
			buildActionMask = 2147483647;
			files = (
			);
			runOnlyForDeploymentPostprocessing = 0;
		};
		2721A4642E98BD19009F731A /* Resources */ = {
			isa = PBXResourcesBuildPhase;
			buildActionMask = 2147483647;
			files = (
			);
			runOnlyForDeploymentPostprocessing = 0;
		};
/* End PBXResourcesBuildPhase section */

/* Begin PBXSourcesBuildPhase section */
		2721A44B2E98BD17009F731A /* Sources */ = {
			isa = PBXSourcesBuildPhase;
			buildActionMask = 2147483647;
			files = (
			);
			runOnlyForDeploymentPostprocessing = 0;
		};
		2721A4582E98BD19009F731A /* Sources */ = {
			isa = PBXSourcesBuildPhase;
			buildActionMask = 2147483647;
			files = (
			);
			runOnlyForDeploymentPostprocessing = 0;
		};
		2721A4622E98BD19009F731A /* Sources */ = {
			isa = PBXSourcesBuildPhase;
			buildActionMask = 2147483647;
			files = (
			);
			runOnlyForDeploymentPostprocessing = 0;
		};
/* End PBXSourcesBuildPhase section */

/* Begin PBXTargetDependency section */
		2721A45E2E98BD19009F731A /* PBXTargetDependency */ = {
			isa = PBXTargetDependency;
			target = 2721A44E2E98BD17009F731A /* ITHelpSideProject */;
			targetProxy = 2721A45D2E98BD19009F731A /* PBXContainerItemProxy */;
		};
		2721A4682E98BD19009F731A /* PBXTargetDependency */ = {
			isa = PBXTargetDependency;
			target = 2721A44E2E98BD17009F731A /* ITHelpSideProject */;
			targetProxy = 2721A4672E98BD19009F731A /* PBXContainerItemProxy */;
		};
/* End PBXTargetDependency section */

/* Begin XCBuildConfiguration section */
		2721A46E2E98BD19009F731A /* Debug */ = {
			isa = XCBuildConfiguration;
			buildSettings = {
				ALWAYS_SEARCH_USER_PATHS = NO;
				ASSETCATALOG_COMPILER_GENERATE_SWIFT_ASSET_SYMBOL_EXTENSIONS = YES;
				CLANG_ANALYZER_NONNULL = YES;
				CLANG_ANALYZER_NUMBER_OBJECT_CONVERSION = YES_AGGRESSIVE;
				CLANG_CXX_LANGUAGE_STANDARD = "gnu++20";
				CLANG_ENABLE_MODULES = YES;
				CLANG_ENABLE_OBJC_ARC = YES;
				CLANG_ENABLE_OBJC_WEAK = YES;
				CLANG_WARN_BLOCK_CAPTURE_AUTORELEASING = YES;
				CLANG_WARN_BOOL_CONVERSION = YES;
				CLANG_WARN_COMMA = YES;
				CLANG_WARN_CONSTANT_CONVERSION = YES;
				CLANG_WARN_DEPRECATED_OBJC_IMPLEMENTATIONS = YES;
				CLANG_WARN_DIRECT_OBJC_ISA_USAGE = YES_ERROR;
				CLANG_WARN_DOCUMENTATION_COMMENTS = YES;
				CLANG_WARN_EMPTY_BODY = YES;
				CLANG_WARN_ENUM_CONVERSION = YES;
				CLANG_WARN_INFINITE_RECURSION = YES;
				CLANG_WARN_INT_CONVERSION = YES;
				CLANG_WARN_NON_LITERAL_NULL_CONVERSION = YES;
				CLANG_WARN_OBJC_IMPLICIT_RETAIN_SELF = YES;
				CLANG_WARN_OBJC_LITERAL_CONVERSION = YES;
				CLANG_WARN_OBJC_ROOT_CLASS = YES_ERROR;
				CLANG_WARN_QUOTED_INCLUDE_IN_FRAMEWORK_HEADER = YES;
				CLANG_WARN_RANGE_LOOP_ANALYSIS = YES;
				CLANG_WARN_STRICT_PROTOTYPES = YES;
				CLANG_WARN_SUSPICIOUS_MOVE = YES;
				CLANG_WARN_UNGUARDED_AVAILABILITY = YES_AGGRESSIVE;
				CLANG_WARN_UNREACHABLE_CODE = YES;
				CLANG_WARN__DUPLICATE_METHOD_MATCH = YES;
				COPY_PHASE_STRIP = NO;
				DEBUG_INFORMATION_FORMAT = dwarf;
				ENABLE_STRICT_OBJC_MSGSEND = YES;
				ENABLE_TESTABILITY = YES;
				ENABLE_USER_SCRIPT_SANDBOXING = YES;
				GCC_C_LANGUAGE_STANDARD = gnu17;
				GCC_DYNAMIC_NO_PIC = NO;
				GCC_NO_COMMON_BLOCKS = YES;
				GCC_OPTIMIZATION_LEVEL = 0;
				GCC_PREPROCESSOR_DEFINITIONS = (
					"DEBUG=1",
					"$(inherited)",
				);
				GCC_WARN_64_TO_32_BIT_CONVERSION = YES;
				GCC_WARN_ABOUT_RETURN_TYPE = YES_ERROR;
				GCC_WARN_UNDECLARED_SELECTOR = YES;
				GCC_WARN_UNINITIALIZED_AUTOS = YES_AGGRESSIVE;
				GCC_WARN_UNUSED_FUNCTION = YES;
				GCC_WARN_UNUSED_VARIABLE = YES;
				IPHONEOS_DEPLOYMENT_TARGET = 18.4;
				LOCALIZATION_PREFERS_STRING_CATALOGS = YES;
				MTL_ENABLE_DEBUG_INFO = INCLUDE_SOURCE;
				MTL_FAST_MATH = YES;
				ONLY_ACTIVE_ARCH = YES;
				SDKROOT = iphoneos;
				SWIFT_ACTIVE_COMPILATION_CONDITIONS = "DEBUG $(inherited)";
				SWIFT_OPTIMIZATION_LEVEL = "-Onone";
			};
			name = Debug;
		};
		2721A46F2E98BD19009F731A /* Release */ = {
			isa = XCBuildConfiguration;
			buildSettings = {
				ALWAYS_SEARCH_USER_PATHS = NO;
				ASSETCATALOG_COMPILER_GENERATE_SWIFT_ASSET_SYMBOL_EXTENSIONS = YES;
				CLANG_ANALYZER_NONNULL = YES;
				CLANG_ANALYZER_NUMBER_OBJECT_CONVERSION = YES_AGGRESSIVE;
				CLANG_CXX_LANGUAGE_STANDARD = "gnu++20";
				CLANG_ENABLE_MODULES = YES;
				CLANG_ENABLE_OBJC_ARC = YES;
				CLANG_ENABLE_OBJC_WEAK = YES;
				CLANG_WARN_BLOCK_CAPTURE_AUTORELEASING = YES;
				CLANG_WARN_BOOL_CONVERSION = YES;
				CLANG_WARN_COMMA = YES;
				CLANG_WARN_CONSTANT_CONVERSION = YES;
				CLANG_WARN_DEPRECATED_OBJC_IMPLEMENTATIONS = YES;
				CLANG_WARN_DIRECT_OBJC_ISA_USAGE = YES_ERROR;
				CLANG_WARN_DOCUMENTATION_COMMENTS = YES;
				CLANG_WARN_EMPTY_BODY = YES;
				CLANG_WARN_ENUM_CONVERSION = YES;
				CLANG_WARN_INFINITE_RECURSION = YES;
				CLANG_WARN_INT_CONVERSION = YES;
				CLANG_WARN_NON_LITERAL_NULL_CONVERSION = YES;
				CLANG_WARN_OBJC_IMPLICIT_RETAIN_SELF = YES;
				CLANG_WARN_OBJC_LITERAL_CONVERSION = YES;
				CLANG_WARN_OBJC_ROOT_CLASS = YES_ERROR;
				CLANG_WARN_QUOTED_INCLUDE_IN_FRAMEWORK_HEADER = YES;
				CLANG_WARN_RANGE_LOOP_ANALYSIS = YES;
				CLANG_WARN_STRICT_PROTOTYPES = YES;
				CLANG_WARN_SUSPICIOUS_MOVE = YES;
				CLANG_WARN_UNGUARDED_AVAILABILITY = YES_AGGRESSIVE;
				CLANG_WARN_UNREACHABLE_CODE = YES;
				CLANG_WARN__DUPLICATE_METHOD_MATCH = YES;
				COPY_PHASE_STRIP = NO;
				DEBUG_INFORMATION_FORMAT = "dwarf-with-dsym";
				ENABLE_NS_ASSERTIONS = NO;
				ENABLE_STRICT_OBJC_MSGSEND = YES;
				ENABLE_USER_SCRIPT_SANDBOXING = YES;
				GCC_C_LANGUAGE_STANDARD = gnu17;
				GCC_NO_COMMON_BLOCKS = YES;
				GCC_WARN_64_TO_32_BIT_CONVERSION = YES;
				GCC_WARN_ABOUT_RETURN_TYPE = YES_ERROR;
				GCC_WARN_UNDECLARED_SELECTOR = YES;
				GCC_WARN_UNINITIALIZED_AUTOS = YES_AGGRESSIVE;
				GCC_WARN_UNUSED_FUNCTION = YES;
				GCC_WARN_UNUSED_VARIABLE = YES;
				IPHONEOS_DEPLOYMENT_TARGET = 18.4;
				LOCALIZATION_PREFERS_STRING_CATALOGS = YES;
				MTL_ENABLE_DEBUG_INFO = NO;
				MTL_FAST_MATH = YES;
				SDKROOT = iphoneos;
				SWIFT_COMPILATION_MODE = wholemodule;
				VALIDATE_PRODUCT = YES;
			};
			name = Release;
		};
		2721A4712E98BD19009F731A /* Debug */ = {
			isa = XCBuildConfiguration;
			buildSettings = {
				ASSETCATALOG_COMPILER_APPICON_NAME = AppIcon;
				ASSETCATALOG_COMPILER_GLOBAL_ACCENT_COLOR_NAME = AccentColor;
				CODE_SIGN_STYLE = Automatic;
				CURRENT_PROJECT_VERSION = 1;
				ENABLE_PREVIEWS = YES;
				GENERATE_INFOPLIST_FILE = YES;
				INFOPLIST_KEY_UIApplicationSceneManifest_Generation = YES;
				INFOPLIST_KEY_UIApplicationSupportsIndirectInputEvents = YES;
				INFOPLIST_KEY_UILaunchScreen_Generation = YES;
				INFOPLIST_KEY_UISupportedInterfaceOrientations_iPad = "UIInterfaceOrientationPortrait UIInterfaceOrientationPortraitUpsideDown UIInterfaceOrientationLandscapeLeft UIInterfaceOrientationLandscapeRight";
				INFOPLIST_KEY_UISupportedInterfaceOrientations_iPhone = "UIInterfaceOrientationPortrait UIInterfaceOrientationLandscapeLeft UIInterfaceOrientationLandscapeRight";
				LD_RUNPATH_SEARCH_PATHS = (
					"$(inherited)",
					"@executable_path/Frameworks",
				);
				MARKETING_VERSION = 1.0;
				PRODUCT_BUNDLE_IDENTIFIER = jerryhong.ITHelpSideProject;
				PRODUCT_NAME = "$(TARGET_NAME)";
				SWIFT_EMIT_LOC_STRINGS = YES;
				SWIFT_VERSION = 5.0;
				TARGETED_DEVICE_FAMILY = "1,2";
			};
			name = Debug;
		};
		2721A4722E98BD19009F731A /* Release */ = {
			isa = XCBuildConfiguration;
			buildSettings = {
				ASSETCATALOG_COMPILER_APPICON_NAME = AppIcon;
				ASSETCATALOG_COMPILER_GLOBAL_ACCENT_COLOR_NAME = AccentColor;
				CODE_SIGN_STYLE = Automatic;
				CURRENT_PROJECT_VERSION = 1;
				ENABLE_PREVIEWS = YES;
				GENERATE_INFOPLIST_FILE = YES;
				INFOPLIST_KEY_UIApplicationSceneManifest_Generation = YES;
				INFOPLIST_KEY_UIApplicationSupportsIndirectInputEvents = YES;
				INFOPLIST_KEY_UILaunchScreen_Generation = YES;
				INFOPLIST_KEY_UISupportedInterfaceOrientations_iPad = "UIInterfaceOrientationPortrait UIInterfaceOrientationPortraitUpsideDown UIInterfaceOrientationLandscapeLeft UIInterfaceOrientationLandscapeRight";
				INFOPLIST_KEY_UISupportedInterfaceOrientations_iPhone = "UIInterfaceOrientationPortrait UIInterfaceOrientationLandscapeLeft UIInterfaceOrientationLandscapeRight";
				LD_RUNPATH_SEARCH_PATHS = (
					"$(inherited)",
					"@executable_path/Frameworks",
				);
				MARKETING_VERSION = 1.0;
				PRODUCT_BUNDLE_IDENTIFIER = jerryhong.ITHelpSideProject;
				PRODUCT_NAME = "$(TARGET_NAME)";
				SWIFT_EMIT_LOC_STRINGS = YES;
				SWIFT_VERSION = 5.0;
				TARGETED_DEVICE_FAMILY = "1,2";
			};
			name = Release;
		};
		2721A4742E98BD19009F731A /* Debug */ = {
			isa = XCBuildConfiguration;
			buildSettings = {
				BUNDLE_LOADER = "$(TEST_HOST)";
				CODE_SIGN_STYLE = Automatic;
				CURRENT_PROJECT_VERSION = 1;
				GENERATE_INFOPLIST_FILE = YES;
				IPHONEOS_DEPLOYMENT_TARGET = 18.4;
				MARKETING_VERSION = 1.0;
				PRODUCT_BUNDLE_IDENTIFIER = jerryhong.ITHelpSideProjectTests;
				PRODUCT_NAME = "$(TARGET_NAME)";
				SWIFT_EMIT_LOC_STRINGS = NO;
				SWIFT_VERSION = 5.0;
				TARGETED_DEVICE_FAMILY = "1,2";
				TEST_HOST = "$(BUILT_PRODUCTS_DIR)/ITHelpSideProject.app/$(BUNDLE_EXECUTABLE_FOLDER_PATH)/ITHelpSideProject";
			};
			name = Debug;
		};
		2721A4752E98BD19009F731A /* Release */ = {
			isa = XCBuildConfiguration;
			buildSettings = {
				BUNDLE_LOADER = "$(TEST_HOST)";
				CODE_SIGN_STYLE = Automatic;
				CURRENT_PROJECT_VERSION = 1;
				GENERATE_INFOPLIST_FILE = YES;
				IPHONEOS_DEPLOYMENT_TARGET = 18.4;
				MARKETING_VERSION = 1.0;
				PRODUCT_BUNDLE_IDENTIFIER = jerryhong.ITHelpSideProjectTests;
				PRODUCT_NAME = "$(TARGET_NAME)";
				SWIFT_EMIT_LOC_STRINGS = NO;
				SWIFT_VERSION = 5.0;
				TARGETED_DEVICE_FAMILY = "1,2";
				TEST_HOST = "$(BUILT_PRODUCTS_DIR)/ITHelpSideProject.app/$(BUNDLE_EXECUTABLE_FOLDER_PATH)/ITHelpSideProject";
			};
			name = Release;
		};
		2721A4772E98BD19009F731A /* Debug */ = {
			isa = XCBuildConfiguration;
			buildSettings = {
				CODE_SIGN_STYLE = Automatic;
				CURRENT_PROJECT_VERSION = 1;
				GENERATE_INFOPLIST_FILE = YES;
				MARKETING_VERSION = 1.0;
				PRODUCT_BUNDLE_IDENTIFIER = jerryhong.ITHelpSideProjectUITests;
				PRODUCT_NAME = "$(TARGET_NAME)";
				SWIFT_EMIT_LOC_STRINGS = NO;
				SWIFT_VERSION = 5.0;
				TARGETED_DEVICE_FAMILY = "1,2";
				TEST_TARGET_NAME = ITHelpSideProject;
			};
			name = Debug;
		};
		2721A4782E98BD19009F731A /* Release */ = {
			isa = XCBuildConfiguration;
			buildSettings = {
				CODE_SIGN_STYLE = Automatic;
				CURRENT_PROJECT_VERSION = 1;
				GENERATE_INFOPLIST_FILE = YES;
				MARKETING_VERSION = 1.0;
				PRODUCT_BUNDLE_IDENTIFIER = jerryhong.ITHelpSideProjectUITests;
				PRODUCT_NAME = "$(TARGET_NAME)";
				SWIFT_EMIT_LOC_STRINGS = NO;
				SWIFT_VERSION = 5.0;
				TARGETED_DEVICE_FAMILY = "1,2";
				TEST_TARGET_NAME = ITHelpSideProject;
			};
			name = Release;
		};
/* End XCBuildConfiguration section */

/* Begin XCConfigurationList section */
		2721A44A2E98BD16009F731A /* Build configuration list for PBXProject "ITHelpSideProject" */ = {
			isa = XCConfigurationList;
			buildConfigurations = (
				2721A46E2E98BD19009F731A /* Debug */,
				2721A46F2E98BD19009F731A /* Release */,
			);
			defaultConfigurationIsVisible = 0;
			defaultConfigurationName = Release;
		};
		2721A4702E98BD19009F731A /* Build configuration list for PBXNativeTarget "ITHelpSideProject" */ = {
			isa = XCConfigurationList;
			buildConfigurations = (
				2721A4712E98BD19009F731A /* Debug */,
				2721A4722E98BD19009F731A /* Release */,
			);
			defaultConfigurationIsVisible = 0;
			defaultConfigurationName = Release;
		};
		2721A4732E98BD19009F731A /* Build configuration list for PBXNativeTarget "ITHelpSideProjectTests" */ = {
			isa = XCConfigurationList;
			buildConfigurations = (
				2721A4742E98BD19009F731A /* Debug */,
				2721A4752E98BD19009F731A /* Release */,
			);
			defaultConfigurationIsVisible = 0;
			defaultConfigurationName = Release;
		};
		2721A4762E98BD19009F731A /* Build configuration list for PBXNativeTarget "ITHelpSideProjectUITests" */ = {
			isa = XCConfigurationList;
			buildConfigurations = (
				2721A4772E98BD19009F731A /* Debug */,
				2721A4782E98BD19009F731A /* Release */,
			);
			defaultConfigurationIsVisible = 0;
			defaultConfigurationName = Release;
		};
/* End XCConfigurationList section */
	};
	rootObject = 2721A4472E98BD16009F731A /* Project object */;
}
